
Microsoft Visual Studio Solution File, Format Version 12.00
# Visual Studio Version 17
VisualStudioVersion = 17.7.34031.279
MinimumVisualStudioVersion = 10.0.40219.1
Project("{2150E333-8FDC-42A3-9474-1A3956D46DE8}") = "Backend", "Backend", "{1EE0F6F9-CA37-4658-9F68-3B7E9FEE024C}"
EndProject
Project("{2150E333-8FDC-42A3-9474-1A3956D46DE8}") = "Common", "Common", "{FA8ED0BB-A17E-456C-81B9-E79FF22100FA}"
EndProject
Project("{2150E333-8FDC-42A3-9474-1A3956D46DE8}") = "Application", "Application", "{1C02CADA-E15C-40CB-9D9A-B96496AAD384}"
EndProject
Project("{FAE04EC0-301F-11D3-BF4B-00C04F79EFBC}") = "Application.API", "Application.API\Application.API.csproj", "{00EEB494-E6D9-4058-9779-53C45F0C11CE}"
EndProject
Project("{FAE04EC0-301F-11D3-BF4B-00C04F79EFBC}") = "Common.Domain", "Common.Domain\Common.Domain.csproj", "{7D09A115-227E-40B7-9A21-6D3520FBA66B}"
EndProject
Project("{FAE04EC0-301F-11D3-BF4B-00C04F79EFBC}") = "Common.Application.Bus", "Common.Application.Bus\Common.Application.Bus.csproj", "{9D50344C-9A69-455D-9399-354A045DE5C8}"
EndProject
Project("{FAE04EC0-301F-11D3-BF4B-00C04F79EFBC}") = "Common.Application.Mapping", "Common.Application.Mapping\Common.Application.Mapping.csproj", "{650592AE-721A-41C3-8963-D4707138DAE4}"
EndProject
Project("{FAE04EC0-301F-11D3-BF4B-00C04F79EFBC}") = "Common.Application.Repositories.SQL", "Common.Application.Repositories.SQL\Common.Application.Repositories.SQL.csproj", "{60243F61-19E8-4008-8EF5-D251C8FF1B44}"
EndProject
Project("{FAE04EC0-301F-11D3-BF4B-00C04F79EFBC}") = "Common.Infraestructure.SQL", "Common.Infraestructure.SQL\Common.Infraestructure.SQL.csproj", "{4FDB2216-1ED6-4BE9-9417-4FB20B84737C}"
EndProject
Project("{FAE04EC0-301F-11D3-BF4B-00C04F79EFBC}") = "Common.Infraestructure.HTTP", "Common.Infraestructure.HTTP\Common.Infraestructure.HTTP.csproj", "{E20DFFA0-0300-4CE7-847C-EB6769F214BB}"
EndProject
Project("{2150E333-8FDC-42A3-9474-1A3956D46DE8}") = "Core", "Core", "{0B7DD1C9-1414-4649-A91D-B65F1BA2A700}"
EndProject
Project("{FAE04EC0-301F-11D3-BF4B-00C04F79EFBC}") = "Core.Application", "Core.Application\Core.Application.csproj", "{EE1BEA5D-518D-4494-87FE-D1B3ED7E13C0}"
EndProject
Project("{FAE04EC0-301F-11D3-BF4B-00C04F79EFBC}") = "Core.Domain", "Core.Domain\Core.Domain.csproj", "{97AA16E6-82A8-4A8B-ADB4-D3175A8B5AAD}"
EndProject
Project("{FAE04EC0-301F-11D3-BF4B-00C04F79EFBC}") = "Core.Infraestructure", "Core.Infraestructure\Core.Infraestructure.csproj", "{F458374E-EA3E-4C50-99AB-BCF608E1CC7E}"
EndProject
Global
	GlobalSection(SolutionConfigurationPlatforms) = preSolution
		Debug|Any CPU = Debug|Any CPU
		Release|Any CPU = Release|Any CPU
	EndGlobalSection
	GlobalSection(ProjectConfigurationPlatforms) = postSolution
		{00EEB494-E6D9-4058-9779-53C45F0C11CE}.Debug|Any CPU.ActiveCfg = Debug|Any CPU
		{00EEB494-E6D9-4058-9779-53C45F0C11CE}.Debug|Any CPU.Build.0 = Debug|Any CPU
		{00EEB494-E6D9-4058-9779-53C45F0C11CE}.Release|Any CPU.ActiveCfg = Release|Any CPU
		{00EEB494-E6D9-4058-9779-53C45F0C11CE}.Release|Any CPU.Build.0 = Release|Any CPU
		{7D09A115-227E-40B7-9A21-6D3520FBA66B}.Debug|Any CPU.ActiveCfg = Debug|Any CPU
		{7D09A115-227E-40B7-9A21-6D3520FBA66B}.Debug|Any CPU.Build.0 = Debug|Any CPU
		{7D09A115-227E-40B7-9A21-6D3520FBA66B}.Release|Any CPU.ActiveCfg = Release|Any CPU
		{7D09A115-227E-40B7-9A21-6D3520FBA66B}.Release|Any CPU.Build.0 = Release|Any CPU
		{9D50344C-9A69-455D-9399-354A045DE5C8}.Debug|Any CPU.ActiveCfg = Debug|Any CPU
		{9D50344C-9A69-455D-9399-354A045DE5C8}.Debug|Any CPU.Build.0 = Debug|Any CPU
		{9D50344C-9A69-455D-9399-354A045DE5C8}.Release|Any CPU.ActiveCfg = Release|Any CPU
		{9D50344C-9A69-455D-9399-354A045DE5C8}.Release|Any CPU.Build.0 = Release|Any CPU
		{650592AE-721A-41C3-8963-D4707138DAE4}.Debug|Any CPU.ActiveCfg = Debug|Any CPU
		{650592AE-721A-41C3-8963-D4707138DAE4}.Debug|Any CPU.Build.0 = Debug|Any CPU
		{650592AE-721A-41C3-8963-D4707138DAE4}.Release|Any CPU.ActiveCfg = Release|Any CPU
		{650592AE-721A-41C3-8963-D4707138DAE4}.Release|Any CPU.Build.0 = Release|Any CPU
		{60243F61-19E8-4008-8EF5-D251C8FF1B44}.Debug|Any CPU.ActiveCfg = Debug|Any CPU
		{60243F61-19E8-4008-8EF5-D251C8FF1B44}.Debug|Any CPU.Build.0 = Debug|Any CPU
		{60243F61-19E8-4008-8EF5-D251C8FF1B44}.Release|Any CPU.ActiveCfg = Release|Any CPU
		{60243F61-19E8-4008-8EF5-D251C8FF1B44}.Release|Any CPU.Build.0 = Release|Any CPU
		{4FDB2216-1ED6-4BE9-9417-4FB20B84737C}.Debug|Any CPU.ActiveCfg = Debug|Any CPU
		{4FDB2216-1ED6-4BE9-9417-4FB20B84737C}.Debug|Any CPU.Build.0 = Debug|Any CPU
		{4FDB2216-1ED6-4BE9-9417-4FB20B84737C}.Release|Any CPU.ActiveCfg = Release|Any CPU
		{4FDB2216-1ED6-4BE9-9417-4FB20B84737C}.Release|Any CPU.Build.0 = Release|Any CPU
		{E20DFFA0-0300-4CE7-847C-EB6769F214BB}.Debug|Any CPU.ActiveCfg = Debug|Any CPU
		{E20DFFA0-0300-4CE7-847C-EB6769F214BB}.Debug|Any CPU.Build.0 = Debug|Any CPU
		{E20DFFA0-0300-4CE7-847C-EB6769F214BB}.Release|Any CPU.ActiveCfg = Release|Any CPU
		{E20DFFA0-0300-4CE7-847C-EB6769F214BB}.Release|Any CPU.Build.0 = Release|Any CPU
		{EE1BEA5D-518D-4494-87FE-D1B3ED7E13C0}.Debug|Any CPU.ActiveCfg = Debug|Any CPU
		{EE1BEA5D-518D-4494-87FE-D1B3ED7E13C0}.Debug|Any CPU.Build.0 = Debug|Any CPU
		{EE1BEA5D-518D-4494-87FE-D1B3ED7E13C0}.Release|Any CPU.ActiveCfg = Release|Any CPU
		{EE1BEA5D-518D-4494-87FE-D1B3ED7E13C0}.Release|Any CPU.Build.0 = Release|Any CPU
		{97AA16E6-82A8-4A8B-ADB4-D3175A8B5AAD}.Debug|Any CPU.ActiveCfg = Debug|Any CPU
		{97AA16E6-82A8-4A8B-ADB4-D3175A8B5AAD}.Debug|Any CPU.Build.0 = Debug|Any CPU
		{97AA16E6-82A8-4A8B-ADB4-D3175A8B5AAD}.Release|Any CPU.ActiveCfg = Release|Any CPU
		{97AA16E6-82A8-4A8B-ADB4-D3175A8B5AAD}.Release|Any CPU.Build.0 = Release|Any CPU
		{F458374E-EA3E-4C50-99AB-BCF608E1CC7E}.Debug|Any CPU.ActiveCfg = Debug|Any CPU
		{F458374E-EA3E-4C50-99AB-BCF608E1CC7E}.Debug|Any CPU.Build.0 = Debug|Any CPU
		{F458374E-EA3E-4C50-99AB-BCF608E1CC7E}.Release|Any CPU.ActiveCfg = Release|Any CPU
		{F458374E-EA3E-4C50-99AB-BCF608E1CC7E}.Release|Any CPU.Build.0 = Release|Any CPU
	EndGlobalSection
	GlobalSection(SolutionProperties) = preSolution
		HideSolutionNode = FALSE
	EndGlobalSection
	GlobalSection(NestedProjects) = preSolution
		{1C02CADA-E15C-40CB-9D9A-B96496AAD384} = {1EE0F6F9-CA37-4658-9F68-3B7E9FEE024C}
		{00EEB494-E6D9-4058-9779-53C45F0C11CE} = {1C02CADA-E15C-40CB-9D9A-B96496AAD384}
		{7D09A115-227E-40B7-9A21-6D3520FBA66B} = {FA8ED0BB-A17E-456C-81B9-E79FF22100FA}
		{9D50344C-9A69-455D-9399-354A045DE5C8} = {FA8ED0BB-A17E-456C-81B9-E79FF22100FA}
		{650592AE-721A-41C3-8963-D4707138DAE4} = {FA8ED0BB-A17E-456C-81B9-E79FF22100FA}
		{60243F61-19E8-4008-8EF5-D251C8FF1B44} = {FA8ED0BB-A17E-456C-81B9-E79FF22100FA}
		{4FDB2216-1ED6-4BE9-9417-4FB20B84737C} = {FA8ED0BB-A17E-456C-81B9-E79FF22100FA}
		{E20DFFA0-0300-4CE7-847C-EB6769F214BB} = {FA8ED0BB-A17E-456C-81B9-E79FF22100FA}
		{0B7DD1C9-1414-4649-A91D-B65F1BA2A700} = {1EE0F6F9-CA37-4658-9F68-3B7E9FEE024C}
		{EE1BEA5D-518D-4494-87FE-D1B3ED7E13C0} = {0B7DD1C9-1414-4649-A91D-B65F1BA2A700}
		{97AA16E6-82A8-4A8B-ADB4-D3175A8B5AAD} = {0B7DD1C9-1414-4649-A91D-B65F1BA2A700}
		{F458374E-EA3E-4C50-99AB-BCF608E1CC7E} = {0B7DD1C9-1414-4649-A91D-B65F1BA2A700}
	EndGlobalSection
	GlobalSection(ExtensibilityGlobals) = postSolution
		SolutionGuid = {312FD5B8-0A83-4F97-915F-8F50B7AAF09D}
	EndGlobalSection
EndGlobal
